
Microsoft Visual Studio Solution File, Format Version 12.00
# Visual Studio Version 17
VisualStudioVersion = 17.5.002.0
MinimumVisualStudioVersion = 10.0.40219.1
Project("{9A19103F-16F7-4668-BE54-9A1E7A4F7556}") = "asp-dotnet", "asp-dotnet.csproj", "{40B0AEE4-D22F-467E-8372-5FBB38D71848}"
EndProject
Global
	GlobalSection(SolutionConfigurationPlatforms) = preSolution
		Debug|Any CPU = Debug|Any CPU
		Release|Any CPU = Release|Any CPU
	EndGlobalSection
	GlobalSection(ProjectConfigurationPlatforms) = postSolution
		{40B0AEE4-D22F-467E-8372-5FBB38D71848}.Debug|Any CPU.ActiveCfg = Debug|Any CPU
		{40B0AEE4-D22F-467E-8372-5FBB38D71848}.Debug|Any CPU.Build.0 = Debug|Any CPU
		{40B0AEE4-D22F-467E-8372-5FBB38D71848}.Release|Any CPU.ActiveCfg = Release|Any CPU
		{40B0AEE4-D22F-467E-8372-5FBB38D71848}.Release|Any CPU.Build.0 = Release|Any CPU
	EndGlobalSection
	GlobalSection(SolutionProperties) = preSolution
		HideSolutionNode = FALSE
	EndGlobalSection
	GlobalSection(ExtensibilityGlobals) = postSolution
		SolutionGuid = {8B956431-9C0F-4E18-B21F-52FD7B56121A}
	EndGlobalSection
EndGlobal
